# This file is autogenerated, do not edit; changes may be undone by the next 'dep ensure'.


[[projects]]
  branch = "master"
  digest = "1:3766c3cdb69344b1f2a15e1a11c17d663180aef112dae66c1ff50547caba44b6"
  name = "github.com/ViBiOh/httputils"
  packages = ["pkg/tools"]
  pruneopts = "UT"
  revision = "79e442a60a09c1590677020f1267283e78324acc"

[[projects]]
  digest = "1:97535d748d2a61ad54cd437f67ce4026b5ec3ac18a8d396852f25e57ebfbe744"
  name = "github.com/algolia/algoliasearch-client-go"
  packages = ["algoliasearch"]
  pruneopts = "UT"
  revision = "fec89c18ddea3dadeebaa7c4725895eb437a1ec7"
  version = "2.23.1"

[solve-meta]
  analyzer-name = "dep"
  analyzer-version = 1
  input-imports = [
    "github.com/ViBiOh/httputils/pkg/tools",
    "github.com/algolia/algoliasearch-client-go/algoliasearch",
  ]
  solver-name = "gps-cdcl"
  solver-version = 1
